
Microsoft Visual Studio Solution File, Format Version 12.00
# Visual Studio Version 17
VisualStudioVersion = 17.9.34616.47
MinimumVisualStudioVersion = 10.0.40219.1
Project("{FAE04EC0-301F-11D3-BF4B-00C04F79EFBC}") = "appBanque", "appBanque\appBanque.csproj", "{7C79F622-9E50-490F-BCEA-C29D95F40C2B}"
EndProject
Global
	GlobalSection(SolutionConfigurationPlatforms) = preSolution
		Debug|Any CPU = Debug|Any CPU
		Release|Any CPU = Release|Any CPU
	EndGlobalSection
	GlobalSection(ProjectConfigurationPlatforms) = postSolution
		{7C79F622-9E50-490F-BCEA-C29D95F40C2B}.Debug|Any CPU.ActiveCfg = Debug|Any CPU
		{7C79F622-9E50-490F-BCEA-C29D95F40C2B}.Debug|Any CPU.Build.0 = Debug|Any CPU
		{7C79F622-9E50-490F-BCEA-C29D95F40C2B}.Release|Any CPU.ActiveCfg = Release|Any CPU
		{7C79F622-9E50-490F-BCEA-C29D95F40C2B}.Release|Any CPU.Build.0 = Release|Any CPU
	EndGlobalSection
	GlobalSection(SolutionProperties) = preSolution
		HideSolutionNode = FALSE
	EndGlobalSection
	GlobalSection(ExtensibilityGlobals) = postSolution
		SolutionGuid = {BFD2A863-BB6F-4901-A227-4185C4F0E261}
	EndGlobalSection
EndGlobal
